
Microsoft Visual Studio Solution File, Format Version 12.00
# Visual Studio Version 17
VisualStudioVersion = 17.0.32126.317
MinimumVisualStudioVersion = 10.0.40219.1
Project("{FAE04EC0-301F-11D3-BF4B-00C04F79EFBC}") = "TCPUDP", "TCPUDP\TCPUDP.csproj", "{864B131D-ED8D-4224-AA1A-C517753AAB86}"
EndProject
Global
	GlobalSection(SolutionConfigurationPlatforms) = preSolution
		Debug|Any CPU = Debug|Any CPU
		Release|Any CPU = Release|Any CPU
	EndGlobalSection
	GlobalSection(ProjectConfigurationPlatforms) = postSolution
		{864B131D-ED8D-4224-AA1A-C517753AAB86}.Debug|Any CPU.ActiveCfg = Debug|Any CPU
		{864B131D-ED8D-4224-AA1A-C517753AAB86}.Debug|Any CPU.Build.0 = Debug|Any CPU
		{864B131D-ED8D-4224-AA1A-C517753AAB86}.Release|Any CPU.ActiveCfg = Release|Any CPU
		{864B131D-ED8D-4224-AA1A-C517753AAB86}.Release|Any CPU.Build.0 = Release|Any CPU
	EndGlobalSection
	GlobalSection(SolutionProperties) = preSolution
		HideSolutionNode = FALSE
	EndGlobalSection
	GlobalSection(ExtensibilityGlobals) = postSolution
		SolutionGuid = {5A0E19A2-B14B-4690-8E22-D1FDC1B2985F}
	EndGlobalSection
EndGlobal
